
Microsoft Visual Studio Solution File, Format Version 12.00
# Visual Studio Version 17
VisualStudioVersion = 17.13.35825.156
MinimumVisualStudioVersion = 10.0.40219.1
Project("{FAE04EC0-301F-11D3-BF4B-00C04F79EFBC}") = "EditorComponent", "EditorComponent\EditorComponent.csproj", "{BC01665E-0DD2-4881-895B-460A24AAA8F9}"
EndProject
Project("{FAE04EC0-301F-11D3-BF4B-00C04F79EFBC}") = "EditorComponent.Shared", "EditorComponent.Shared\EditorComponent.Shared.csproj", "{8093125E-A2A4-4680-AC3F-3DF361B1B923}"
EndProject
Global
	GlobalSection(SolutionConfigurationPlatforms) = preSolution
		Debug|Any CPU = Debug|Any CPU
		Release|Any CPU = Release|Any CPU
	EndGlobalSection
	GlobalSection(ProjectConfigurationPlatforms) = postSolution
		{BC01665E-0DD2-4881-895B-460A24AAA8F9}.Debug|Any CPU.ActiveCfg = Debug|Any CPU
		{BC01665E-0DD2-4881-895B-460A24AAA8F9}.Debug|Any CPU.Build.0 = Debug|Any CPU
		{BC01665E-0DD2-4881-895B-460A24AAA8F9}.Release|Any CPU.ActiveCfg = Release|Any CPU
		{BC01665E-0DD2-4881-895B-460A24AAA8F9}.Release|Any CPU.Build.0 = Release|Any CPU
		{8093125E-A2A4-4680-AC3F-3DF361B1B923}.Debug|Any CPU.ActiveCfg = Debug|Any CPU
		{8093125E-A2A4-4680-AC3F-3DF361B1B923}.Debug|Any CPU.Build.0 = Debug|Any CPU
		{8093125E-A2A4-4680-AC3F-3DF361B1B923}.Release|Any CPU.ActiveCfg = Release|Any CPU
		{8093125E-A2A4-4680-AC3F-3DF361B1B923}.Release|Any CPU.Build.0 = Release|Any CPU
	EndGlobalSection
	GlobalSection(SolutionProperties) = preSolution
		HideSolutionNode = FALSE
	EndGlobalSection
	GlobalSection(ExtensibilityGlobals) = postSolution
		SolutionGuid = {7A8E7B20-592A-4D9C-B9C2-4D301965AC89}
	EndGlobalSection
EndGlobal
